
Microsoft Visual Studio Solution File, Format Version 12.00
Project("{FAE04EC0-301F-11D3-BF4B-00C04F79EFBC}") = "KR-1", "KR-1\KR-1.csproj", "{2AD23DF3-AD25-4147-8622-1AF2D1873B7B}"
EndProject
Project("{FAE04EC0-301F-11D3-BF4B-00C04F79EFBC}") = "KR-1-Tests", "KR-1-Tests\KR-1-Tests.csproj", "{E4FD0CDA-259E-468A-A77B-CEF4E0F145E1}"
EndProject
Global
	GlobalSection(SolutionConfigurationPlatforms) = preSolution
		Debug|Any CPU = Debug|Any CPU
		Release|Any CPU = Release|Any CPU
	EndGlobalSection
	GlobalSection(ProjectConfigurationPlatforms) = postSolution
		{2AD23DF3-AD25-4147-8622-1AF2D1873B7B}.Debug|Any CPU.ActiveCfg = Debug|Any CPU
		{2AD23DF3-AD25-4147-8622-1AF2D1873B7B}.Debug|Any CPU.Build.0 = Debug|Any CPU
		{2AD23DF3-AD25-4147-8622-1AF2D1873B7B}.Release|Any CPU.ActiveCfg = Release|Any CPU
		{2AD23DF3-AD25-4147-8622-1AF2D1873B7B}.Release|Any CPU.Build.0 = Release|Any CPU
		{E4FD0CDA-259E-468A-A77B-CEF4E0F145E1}.Debug|Any CPU.ActiveCfg = Debug|Any CPU
		{E4FD0CDA-259E-468A-A77B-CEF4E0F145E1}.Debug|Any CPU.Build.0 = Debug|Any CPU
		{E4FD0CDA-259E-468A-A77B-CEF4E0F145E1}.Release|Any CPU.ActiveCfg = Release|Any CPU
		{E4FD0CDA-259E-468A-A77B-CEF4E0F145E1}.Release|Any CPU.Build.0 = Release|Any CPU
	EndGlobalSection
EndGlobal
